
Microsoft Visual Studio Solution File, Format Version 12.00
# Visual Studio 2013
VisualStudioVersion = 12.0.40629.0
MinimumVisualStudioVersion = 10.0.40219.1
Project("{FAE04EC0-301F-11D3-BF4B-00C04F79EFBC}") = "WebConsoleAPI", "WebConsoleAPI\WebConsoleAPI.csproj", "{A53A70E4-D2AF-4143-8CA9-298C55BBF3F7}"
EndProject
Project("{FAE04EC0-301F-11D3-BF4B-00C04F79EFBC}") = "MongoConnector", "MongoConnector\MongoConnector.csproj", "{32C15563-E0CB-4CDC-80C7-6A2D772EA17B}"
EndProject
Project("{FAE04EC0-301F-11D3-BF4B-00C04F79EFBC}") = "Infrastructure", "Infrastructure\Infrastructure.csproj", "{E84F3065-F934-4ECA-BDEE-E045BAEE2BFB}"
EndProject
Global
	GlobalSection(SolutionConfigurationPlatforms) = preSolution
		Debug|Any CPU = Debug|Any CPU
		Release|Any CPU = Release|Any CPU
	EndGlobalSection
	GlobalSection(ProjectConfigurationPlatforms) = postSolution
		{A53A70E4-D2AF-4143-8CA9-298C55BBF3F7}.Debug|Any CPU.ActiveCfg = Debug|Any CPU
		{A53A70E4-D2AF-4143-8CA9-298C55BBF3F7}.Debug|Any CPU.Build.0 = Debug|Any CPU
		{A53A70E4-D2AF-4143-8CA9-298C55BBF3F7}.Release|Any CPU.ActiveCfg = Release|Any CPU
		{A53A70E4-D2AF-4143-8CA9-298C55BBF3F7}.Release|Any CPU.Build.0 = Release|Any CPU
		{32C15563-E0CB-4CDC-80C7-6A2D772EA17B}.Debug|Any CPU.ActiveCfg = Debug|Any CPU
		{32C15563-E0CB-4CDC-80C7-6A2D772EA17B}.Debug|Any CPU.Build.0 = Debug|Any CPU
		{32C15563-E0CB-4CDC-80C7-6A2D772EA17B}.Release|Any CPU.ActiveCfg = Release|Any CPU
		{32C15563-E0CB-4CDC-80C7-6A2D772EA17B}.Release|Any CPU.Build.0 = Release|Any CPU
		{E84F3065-F934-4ECA-BDEE-E045BAEE2BFB}.Debug|Any CPU.ActiveCfg = Debug|Any CPU
		{E84F3065-F934-4ECA-BDEE-E045BAEE2BFB}.Debug|Any CPU.Build.0 = Debug|Any CPU
		{E84F3065-F934-4ECA-BDEE-E045BAEE2BFB}.Release|Any CPU.ActiveCfg = Release|Any CPU
		{E84F3065-F934-4ECA-BDEE-E045BAEE2BFB}.Release|Any CPU.Build.0 = Release|Any CPU
	EndGlobalSection
	GlobalSection(SolutionProperties) = preSolution
		HideSolutionNode = FALSE
	EndGlobalSection
EndGlobal
